{
  "name": "pdf-01",
  "version": "1.0.0",
  "lockfileVersion": 3,
  "requires": true,
  "packages": {
    "": {
      "name": "pdf-01",
      "version": "1.0.0",
      "license": "ISC",
      "dependencies": {
        "mupdf": "^1.28.0"
      }
    },
    "node_modules/mupdf": {
      "version": "1.28.0",
      "resolved": "https://registry.npmjs.org/mupdf/-/mupdf-1.28.0.tgz",
      "integrity": "sha512-ACUnbpECaQ5JLq04pwd89lS+0IGMest5qL5tb08g9TAR7bDtfqflHEkb2Xm3o4rvC/szguLiV+WEbW9kstj8Sg==",
      "license": "AGPL-3.0-or-later"
    }
  }
}
